{
  "name": "dbdev",
  "lockfileVersion": 3,
  "requires": true,
  "packages": {
    "": {
      "dependencies": {
        "@supabase/pg-delta": "file:/Users/avallete/Documents/Programming/Supa/pg-toolbelt/packages/pg-delta"
      },
      "devDependencies": {
        "supabase": "^2.76.16"
      }
    },
    "../pg-toolbelt/node_modules/.bun/@pgsql+traverse@17.2.4/node_modules/@pgsql/traverse": {
      "version": "17.2.4",
      "license": "MIT",
      "dependencies": {
        "@pgsql/types": "^17.6.2",
        "pg-proto-parser": "1.30.4"
      },
      "devDependencies": {
        "makage": "^0.1.8"
      }
    },
    "../pg-toolbelt/node_modules/.bun/@stricli+core@1.2.5/node_modules/@stricli/core": {
      "version": "1.2.5",
      "license": "Apache-2.0",
      "devDependencies": {
        "@types/chai": "^4.3.11",
        "@types/fs-extra": "^11.0.4",
        "@types/sinon": "^17.0.2",
        "@typescript-eslint/eslint-plugin": "^8.2.0",
        "@typescript-eslint/parser": "^8.2.0",
        "eslint": "^8.57.0",
        "eslint-plugin-header": "^3.1.1",
        "eslint-plugin-import": "^2.29.1",
        "eslint-plugin-prettier": "^5.1.3",
        "fs-extra": "^11.2.0",
        "prettier": "^3.2.5",
        "sinon": "^17.0.1",
        "tsup": "^8.0.1",
        "tsx": "^4.8.2",
        "typescript": "5.6.x"
      }
    },
    "../pg-toolbelt/node_modules/.bun/@testcontainers+postgresql@11.11.0/node_modules/@testcontainers/postgresql": {
      "version": "11.11.0",
      "dev": true,
      "license": "MIT",
      "dependencies": {
        "testcontainers": "^11.11.0"
      },
      "devDependencies": {
        "@types/pg": "^8.16.0",
        "pg": "^8.16.3"
      }
    },
    "../pg-toolbelt/node_modules/.bun/@ts-safeql+sql-tag@0.2.1/node_modules/@ts-safeql/sql-tag": {
      "version": "0.2.1",
      "license": "MIT",
      "devDependencies": {
        "@types/node": "^18.15.11",
        "@typescript-eslint/eslint-plugin": "^7.8.0",
        "@typescript-eslint/parser": "^7.8.0",
        "eslint": "^8.57.0",
        "typescript": "^5.4.5",
        "unbuild": "^2.0.0",
        "vitest": "^1.6.0"
      }
    },
    "../pg-toolbelt/node_modules/.bun/@tsconfig+node-ts@23.6.4/node_modules/@tsconfig/node-ts": {
      "version": "23.6.4",
      "dev": true,
      "license": "MIT"
    },
    "../pg-toolbelt/node_modules/.bun/@tsconfig+node24@24.0.4/node_modules/@tsconfig/node24": {
      "version": "24.0.4",
      "dev": true,
      "license": "MIT"
    },
    "../pg-toolbelt/node_modules/.bun/@types+bun@1.3.9/node_modules/@types/bun": {
      "version": "1.3.9",
      "dev": true,
      "license": "MIT",
      "dependencies": {
        "bun-types": "1.3.9"
      }
    },
    "../pg-toolbelt/node_modules/.bun/@types+debug@4.1.12/node_modules/@types/debug": {
      "version": "4.1.12",
      "dev": true,
      "license": "MIT",
      "dependencies": {
        "@types/ms": "*"
      }
    },
    "../pg-toolbelt/node_modules/.bun/@types+node@24.10.13/node_modules/@types/node": {
      "version": "24.10.13",
      "dev": true,
      "license": "MIT",
      "dependencies": {
        "undici-types": "~7.16.0"
      }
    },
    "../pg-toolbelt/node_modules/.bun/@types+pg@8.16.0/node_modules/@types/pg": {
      "version": "8.16.0",
      "dev": true,
      "license": "MIT",
      "dependencies": {
        "@types/node": "*",
        "pg-protocol": "*",
        "pg-types": "^2.2.0"
      }
    },
    "../pg-toolbelt/node_modules/.bun/chalk@5.6.2/node_modules/chalk": {
      "version": "5.6.2",
      "license": "MIT",
      "devDependencies": {
        "@types/node": "^16.11.10",
        "ava": "^3.15.0",
        "c8": "^7.10.0",
        "color-convert": "^2.0.1",
        "execa": "^6.0.0",
        "log-update": "^5.0.0",
        "matcha": "^0.7.0",
        "tsd": "^0.19.0",
        "xo": "^0.57.0",
        "yoctodelay": "^2.0.0"
      },
      "engines": {
        "node": "^12.17.0 || ^14.13 || >=16.0.0"
      },
      "funding": {
        "url": "https://github.com/chalk/chalk?sponsor=1"
      }
    },
    "../pg-toolbelt/node_modules/.bun/debug@4.4.3/node_modules/debug": {
      "version": "4.4.3",
      "license": "MIT",
      "dependencies": {
        "ms": "^2.1.3"
      },
      "devDependencies": {
        "brfs": "^2.0.1",
        "browserify": "^16.2.3",
        "coveralls": "^3.0.2",
        "karma": "^3.1.4",
        "karma-browserify": "^6.0.0",
        "karma-chrome-launcher": "^2.2.0",
        "karma-mocha": "^1.3.0",
        "mocha": "^5.2.0",
        "mocha-lcov-reporter": "^1.2.0",
        "sinon": "^14.0.0",
        "xo": "^0.23.0"
      },
      "engines": {
        "node": ">=6.0"
      },
      "peerDependenciesMeta": {
        "supports-color": {
          "optional": true
        }
      }
    },
    "../pg-toolbelt/node_modules/.bun/dedent@1.7.1/node_modules/dedent": {
      "version": "1.7.1",
      "dev": true,
      "license": "MIT",
      "devDependencies": {
        "@babel/cli": "^7.21.5",
        "@babel/preset-env": "^7.23.3",
        "@babel/preset-typescript": "^7.23.3",
        "@release-it/conventional-changelog": "^8.0.1",
        "@types/babel-plugin-macros": "^3.1.0",
        "@types/bun": "^1.3.4",
        "@types/eslint": "^8.44.7",
        "@types/jest": "^29.5.3",
        "@typescript-eslint/eslint-plugin": "^6.10.0",
        "@typescript-eslint/parser": "^6.10.0",
        "babel-plugin-add-module-exports": "^1.0.4",
        "babel-plugin-tester": "^11.0.4",
        "console-fail-test": "^0.2.3",
        "cspell": "^8.0.0",
        "eslint": "^8.53.0",
        "eslint-plugin-deprecation": "^2.0.0",
        "eslint-plugin-eslint-comments": "^3.2.0",
        "eslint-plugin-jest": "^27.6.0",
        "eslint-plugin-jsdoc": "^46.9.0",
        "eslint-plugin-jsonc": "^2.10.0",
        "eslint-plugin-markdown": "^3.0.1",
        "eslint-plugin-n": "^16.3.1",
        "eslint-plugin-no-only-tests": "^3.1.0",
        "eslint-plugin-perfectionist": "^2.3.0",
        "eslint-plugin-regexp": "^2.1.1",
        "eslint-plugin-yml": "^1.10.0",
        "husky": "^8.0.3",
        "jest": "^29.7.0",
        "jsonc-eslint-parser": "^2.4.0",
        "knip": "^5.75.0",
        "lint-staged": "^15.1.0",
        "markdownlint": "^0.31.1",
        "markdownlint-cli": "^0.37.0",
        "npm-package-json-lint": "^7.1.0",
        "npm-package-json-lint-config-default": "^6.0.0",
        "prettier": "^3.0.3",
        "prettier-plugin-curly": "^0.1.3",
        "prettier-plugin-packagejson": "^2.4.6",
        "release-it": "^17.0.0",
        "should-semantic-release": "^0.2.1",
        "tsup": "^7.2.0",
        "typescript": "^5.2.2",
        "yaml-eslint-parser": "^1.2.2"
      },
      "peerDependencies": {
        "babel-plugin-macros": "^3.1.0"
      },
      "peerDependenciesMeta": {
        "babel-plugin-macros": {
          "optional": true
        }
      }
    },
    "../pg-toolbelt/node_modules/.bun/knip@5.83.1+9cdfcf6afadfcf55/node_modules/knip": {
      "version": "5.83.1",
      "dev": true,
      "funding": [
        {
          "type": "github",
          "url": "https://github.com/sponsors/webpro"
        },
        {
          "type": "opencollective",
          "url": "https://opencollective.com/knip"
        }
      ],
      "license": "ISC",
      "dependencies": {
        "@nodelib/fs.walk": "^1.2.3",
        "fast-glob": "^3.3.3",
        "formatly": "^0.3.0",
        "jiti": "^2.6.0",
        "js-yaml": "^4.1.1",
        "minimist": "^1.2.8",
        "oxc-resolver": "^11.15.0",
        "picocolors": "^1.1.1",
        "picomatch": "^4.0.1",
        "smol-toml": "^1.5.2",
        "strip-json-comments": "5.0.3",
        "zod": "^4.1.11"
      },
      "bin": {
        "knip": "bin/knip.js",
        "knip-bun": "bin/knip-bun.js"
      },
      "devDependencies": {
        "@jest/types": "^29.6.3",
        "@types/bun": "^1.3.3",
        "@types/js-yaml": "^4.0.9",
        "@types/minimist": "^1.2.5",
        "@types/picomatch": "^4.0.1",
        "@types/webpack": "^5.28.5",
        "@wdio/types": "^9.20.0",
        "codeclimate-types": "^0.3.1",
        "glob-bin": "^1.0.0",
        "tsx": "^4.20.3",
        "typescript": "^5.5.2"
      },
      "engines": {
        "node": ">=18.18.0"
      },
      "peerDependencies": {
        "@types/node": ">=18",
        "typescript": ">=5.0.4 <7"
      }
    },
    "../pg-toolbelt/node_modules/.bun/pg@8.18.0+32ccf17b773ffb11/node_modules/pg": {
      "version": "8.18.0",
      "license": "MIT",
      "dependencies": {
        "pg-connection-string": "^2.11.0",
        "pg-pool": "^3.11.0",
        "pg-protocol": "^1.11.0",
        "pg-types": "2.2.0",
        "pgpass": "1.0.5"
      },
      "devDependencies": {
        "@cloudflare/vitest-pool-workers": "0.8.23",
        "@cloudflare/workers-types": "^4.20230404.0",
        "async": "2.6.4",
        "bluebird": "3.7.2",
        "co": "4.6.0",
        "pg-copy-streams": "0.3.0",
        "typescript": "^4.0.3",
        "vitest": "~3.0.9",
        "wrangler": "^3.x"
      },
      "engines": {
        "node": ">= 16.0.0"
      },
      "optionalDependencies": {
        "pg-cloudflare": "^1.3.0"
      },
      "peerDependencies": {
        "pg-native": ">=3.0.1"
      },
      "peerDependenciesMeta": {
        "pg-native": {
          "optional": true
        }
      }
    },
    "../pg-toolbelt/node_modules/.bun/plpgsql-parser@0.5.4/node_modules/plpgsql-parser": {
      "version": "0.5.4",
      "license": "MIT",
      "dependencies": {
        "@libpg-query/parser": "^17.6.3",
        "@pgsql/traverse": "17.2.4",
        "@pgsql/types": "^17.6.2",
        "pgsql-deparser": "17.17.2",
        "plpgsql-deparser": "0.7.3"
      },
      "devDependencies": {
        "makage": "^0.1.8"
      }
    },
    "../pg-toolbelt/node_modules/.bun/testcontainers@11.11.0/node_modules/testcontainers": {
      "version": "11.11.0",
      "dev": true,
      "license": "MIT",
      "dependencies": {
        "@balena/dockerignore": "^1.0.2",
        "@types/dockerode": "^3.3.47",
        "archiver": "^7.0.1",
        "async-lock": "^1.4.1",
        "byline": "^5.0.0",
        "debug": "^4.4.3",
        "docker-compose": "^1.3.0",
        "dockerode": "^4.0.9",
        "get-port": "^7.1.0",
        "proper-lockfile": "^4.1.2",
        "properties-reader": "^2.3.0",
        "ssh-remote-port-forward": "^1.0.4",
        "tar-fs": "^3.1.1",
        "tmp": "^0.2.5",
        "undici": "^7.16.0"
      },
      "devDependencies": {
        "@types/archiver": "^7.0.0",
        "@types/async-lock": "^1.4.2",
        "@types/byline": "^4.2.36",
        "@types/debug": "^4.1.12",
        "@types/proper-lockfile": "^4.1.4",
        "@types/properties-reader": "^2.1.3",
        "@types/tar-fs": "^2.0.4",
        "@types/tmp": "^0.2.6"
      }
    },
    "../pg-toolbelt/node_modules/.bun/typescript@5.9.3/node_modules/typescript": {
      "version": "5.9.3",
      "dev": true,
      "license": "Apache-2.0",
      "bin": {
        "tsc": "bin/tsc",
        "tsserver": "bin/tsserver"
      },
      "devDependencies": {
        "@dprint/formatter": "^0.4.1",
        "@dprint/typescript": "0.93.4",
        "@esfx/canceltoken": "^1.0.0",
        "@eslint/js": "^9.20.0",
        "@octokit/rest": "^21.1.1",
        "@types/chai": "^4.3.20",
        "@types/diff": "^7.0.1",
        "@types/minimist": "^1.2.5",
        "@types/mocha": "^10.0.10",
        "@types/ms": "^0.7.34",
        "@types/node": "latest",
        "@types/source-map-support": "^0.5.10",
        "@types/which": "^3.0.4",
        "@typescript-eslint/rule-tester": "^8.24.1",
        "@typescript-eslint/type-utils": "^8.24.1",
        "@typescript-eslint/utils": "^8.24.1",
        "azure-devops-node-api": "^14.1.0",
        "c8": "^10.1.3",
        "chai": "^4.5.0",
        "chokidar": "^4.0.3",
        "diff": "^7.0.0",
        "dprint": "^0.49.0",
        "esbuild": "^0.25.0",
        "eslint": "^9.20.1",
        "eslint-formatter-autolinkable-stylish": "^1.4.0",
        "eslint-plugin-regexp": "^2.7.0",
        "fast-xml-parser": "^4.5.2",
        "glob": "^10.4.5",
        "globals": "^15.15.0",
        "hereby": "^1.10.0",
        "jsonc-parser": "^3.3.1",
        "knip": "^5.44.4",
        "minimist": "^1.2.8",
        "mocha": "^10.8.2",
        "mocha-fivemat-progress-reporter": "^0.1.0",
        "monocart-coverage-reports": "^2.12.1",
        "ms": "^2.1.3",
        "picocolors": "^1.1.1",
        "playwright": "^1.50.1",
        "source-map-support": "^0.5.21",
        "tslib": "^2.8.1",
        "typescript": "^5.7.3",
        "typescript-eslint": "^8.24.1",
        "which": "^3.0.1"
      },
      "engines": {
        "node": ">=14.17"
      }
    },
    "../pg-toolbelt/node_modules/.bun/zod@4.3.6/node_modules/zod": {
      "version": "4.3.6",
      "license": "MIT",
      "funding": {
        "url": "https://github.com/sponsors/colinhacks"
      }
    },
    "../pg-toolbelt/packages/pg-delta": {
      "name": "@supabase/pg-delta",
      "version": "1.0.0-alpha.4",
      "license": "MIT",
      "dependencies": {
        "@stricli/core": "^1.2.4",
        "@supabase/pg-topo": "workspace:*",
        "@ts-safeql/sql-tag": "^0.2.0",
        "chalk": "^5.6.2",
        "debug": "^4.3.7",
        "pg": "^8.17.2",
        "zod": "^4.2.1"
      },
      "bin": {
        "pgdelta": "dist/cli/bin/cli.js"
      },
      "devDependencies": {
        "@tsconfig/node-ts": "^23.6.2",
        "@tsconfig/node24": "^24.0.3",
        "@types/bun": "^1.3.9",
        "@types/debug": "^4.1.12",
        "@types/node": "^24.10.4",
        "@types/pg": "^8.11.10",
        "dedent": "^1.7.1",
        "knip": "^5.75.2",
        "testcontainers": "^11.10.0",
        "typescript": "^5.9.3"
      },
      "engines": {
        "node": ">=20.0.0"
      }
    },
    "../pg-toolbelt/packages/pg-delta/node_modules/@stricli/core": {
      "resolved": "../pg-toolbelt/node_modules/.bun/@stricli+core@1.2.5/node_modules/@stricli/core",
      "link": true
    },
    "../pg-toolbelt/packages/pg-delta/node_modules/@supabase/pg-topo": {
      "resolved": "../pg-toolbelt/packages/pg-topo",
      "link": true
    },
    "../pg-toolbelt/packages/pg-delta/node_modules/@ts-safeql/sql-tag": {
      "resolved": "../pg-toolbelt/node_modules/.bun/@ts-safeql+sql-tag@0.2.1/node_modules/@ts-safeql/sql-tag",
      "link": true
    },
    "../pg-toolbelt/packages/pg-delta/node_modules/@tsconfig/node-ts": {
      "resolved": "../pg-toolbelt/node_modules/.bun/@tsconfig+node-ts@23.6.4/node_modules/@tsconfig/node-ts",
      "link": true
    },
    "../pg-toolbelt/packages/pg-delta/node_modules/@tsconfig/node24": {
      "resolved": "../pg-toolbelt/node_modules/.bun/@tsconfig+node24@24.0.4/node_modules/@tsconfig/node24",
      "link": true
    },
    "../pg-toolbelt/packages/pg-delta/node_modules/@types/bun": {
      "resolved": "../pg-toolbelt/node_modules/.bun/@types+bun@1.3.9/node_modules/@types/bun",
      "link": true
    },
    "../pg-toolbelt/packages/pg-delta/node_modules/@types/debug": {
      "resolved": "../pg-toolbelt/node_modules/.bun/@types+debug@4.1.12/node_modules/@types/debug",
      "link": true
    },
    "../pg-toolbelt/packages/pg-delta/node_modules/@types/node": {
      "resolved": "../pg-toolbelt/node_modules/.bun/@types+node@24.10.13/node_modules/@types/node",
      "link": true
    },
    "../pg-toolbelt/packages/pg-delta/node_modules/@types/pg": {
      "resolved": "../pg-toolbelt/node_modules/.bun/@types+pg@8.16.0/node_modules/@types/pg",
      "link": true
    },
    "../pg-toolbelt/packages/pg-delta/node_modules/chalk": {
      "resolved": "../pg-toolbelt/node_modules/.bun/chalk@5.6.2/node_modules/chalk",
      "link": true
    },
    "../pg-toolbelt/packages/pg-delta/node_modules/debug": {
      "resolved": "../pg-toolbelt/node_modules/.bun/debug@4.4.3/node_modules/debug",
      "link": true
    },
    "../pg-toolbelt/packages/pg-delta/node_modules/dedent": {
      "resolved": "../pg-toolbelt/node_modules/.bun/dedent@1.7.1/node_modules/dedent",
      "link": true
    },
    "../pg-toolbelt/packages/pg-delta/node_modules/knip": {
      "resolved": "../pg-toolbelt/node_modules/.bun/knip@5.83.1+9cdfcf6afadfcf55/node_modules/knip",
      "link": true
    },
    "../pg-toolbelt/packages/pg-delta/node_modules/pg": {
      "resolved": "../pg-toolbelt/node_modules/.bun/pg@8.18.0+32ccf17b773ffb11/node_modules/pg",
      "link": true
    },
    "../pg-toolbelt/packages/pg-delta/node_modules/testcontainers": {
      "resolved": "../pg-toolbelt/node_modules/.bun/testcontainers@11.11.0/node_modules/testcontainers",
      "link": true
    },
    "../pg-toolbelt/packages/pg-delta/node_modules/typescript": {
      "resolved": "../pg-toolbelt/node_modules/.bun/typescript@5.9.3/node_modules/typescript",
      "link": true
    },
    "../pg-toolbelt/packages/pg-delta/node_modules/zod": {
      "resolved": "../pg-toolbelt/node_modules/.bun/zod@4.3.6/node_modules/zod",
      "link": true
    },
    "../pg-toolbelt/packages/pg-topo": {
      "name": "@supabase/pg-topo",
      "version": "1.0.0-alpha.0",
      "license": "MIT",
      "dependencies": {
        "@pgsql/traverse": "^17.2.4",
        "plpgsql-parser": "^0.5.4"
      },
      "devDependencies": {
        "@testcontainers/postgresql": "^11.11.0",
        "@types/bun": "^1.3.9",
        "knip": "^5.75.2",
        "testcontainers": "^11.11.0",
        "typescript": "^5.9.3"
      }
    },
    "../pg-toolbelt/packages/pg-topo/node_modules/@pgsql/traverse": {
      "resolved": "../pg-toolbelt/node_modules/.bun/@pgsql+traverse@17.2.4/node_modules/@pgsql/traverse",
      "link": true
    },
    "../pg-toolbelt/packages/pg-topo/node_modules/@testcontainers/postgresql": {
      "resolved": "../pg-toolbelt/node_modules/.bun/@testcontainers+postgresql@11.11.0/node_modules/@testcontainers/postgresql",
      "link": true
    },
    "../pg-toolbelt/packages/pg-topo/node_modules/@types/bun": {
      "resolved": "../pg-toolbelt/node_modules/.bun/@types+bun@1.3.9/node_modules/@types/bun",
      "link": true
    },
    "../pg-toolbelt/packages/pg-topo/node_modules/knip": {
      "resolved": "../pg-toolbelt/node_modules/.bun/knip@5.83.1+9cdfcf6afadfcf55/node_modules/knip",
      "link": true
    },
    "../pg-toolbelt/packages/pg-topo/node_modules/plpgsql-parser": {
      "resolved": "../pg-toolbelt/node_modules/.bun/plpgsql-parser@0.5.4/node_modules/plpgsql-parser",
      "link": true
    },
    "../pg-toolbelt/packages/pg-topo/node_modules/testcontainers": {
      "resolved": "../pg-toolbelt/node_modules/.bun/testcontainers@11.11.0/node_modules/testcontainers",
      "link": true
    },
    "../pg-toolbelt/packages/pg-topo/node_modules/typescript": {
      "resolved": "../pg-toolbelt/node_modules/.bun/typescript@5.9.3/node_modules/typescript",
      "link": true
    },
    "node_modules/@isaacs/fs-minipass": {
      "version": "4.0.1",
      "dev": true,
      "license": "ISC",
      "dependencies": {
        "minipass": "^7.0.4"
      },
      "engines": {
        "node": ">=18.0.0"
      }
    },
    "node_modules/@supabase/pg-delta": {
      "resolved": "../pg-toolbelt/packages/pg-delta",
      "link": true
    },
    "node_modules/agent-base": {
      "version": "7.1.4",
      "dev": true,
      "license": "MIT",
      "engines": {
        "node": ">= 14"
      }
    },
    "node_modules/bin-links": {
      "version": "6.0.0",
      "dev": true,
      "license": "ISC",
      "dependencies": {
        "cmd-shim": "^8.0.0",
        "npm-normalize-package-bin": "^5.0.0",
        "proc-log": "^6.0.0",
        "read-cmd-shim": "^6.0.0",
        "write-file-atomic": "^7.0.0"
      },
      "engines": {
        "node": "^20.17.0 || >=22.9.0"
      }
    },
    "node_modules/chownr": {
      "version": "3.0.0",
      "dev": true,
      "license": "BlueOak-1.0.0",
      "engines": {
        "node": ">=18"
      }
    },
    "node_modules/cmd-shim": {
      "version": "8.0.0",
      "dev": true,
      "license": "ISC",
      "engines": {
        "node": "^20.17.0 || >=22.9.0"
      }
    },
    "node_modules/data-uri-to-buffer": {
      "version": "4.0.1",
      "dev": true,
      "license": "MIT",
      "engines": {
        "node": ">= 12"
      }
    },
    "node_modules/debug": {
      "version": "4.4.3",
      "dev": true,
      "license": "MIT",
      "dependencies": {
        "ms": "^2.1.3"
      },
      "engines": {
        "node": ">=6.0"
      },
      "peerDependenciesMeta": {
        "supports-color": {
          "optional": true
        }
      }
    },
    "node_modules/fetch-blob": {
      "version": "3.2.0",
      "dev": true,
      "funding": [
        {
          "type": "github",
          "url": "https://github.com/sponsors/jimmywarting"
        },
        {
          "type": "paypal",
          "url": "https://paypal.me/jimmywarting"
        }
      ],
      "license": "MIT",
      "dependencies": {
        "node-domexception": "^1.0.0",
        "web-streams-polyfill": "^3.0.3"
      },
      "engines": {
        "node": "^12.20 || >= 14.13"
      }
    },
    "node_modules/formdata-polyfill": {
      "version": "4.0.10",
      "dev": true,
      "license": "MIT",
      "dependencies": {
        "fetch-blob": "^3.1.2"
      },
      "engines": {
        "node": ">=12.20.0"
      }
    },
    "node_modules/https-proxy-agent": {
      "version": "7.0.6",
      "dev": true,
      "license": "MIT",
      "dependencies": {
        "agent-base": "^7.1.2",
        "debug": "4"
      },
      "engines": {
        "node": ">= 14"
      }
    },
    "node_modules/minipass": {
      "version": "7.1.3",
      "dev": true,
      "license": "BlueOak-1.0.0",
      "engines": {
        "node": ">=16 || 14 >=14.17"
      }
    },
    "node_modules/minizlib": {
      "version": "3.1.0",
      "dev": true,
      "license": "MIT",
      "dependencies": {
        "minipass": "^7.1.2"
      },
      "engines": {
        "node": ">= 18"
      }
    },
    "node_modules/ms": {
      "version": "2.1.3",
      "dev": true,
      "license": "MIT"
    },
    "node_modules/node-domexception": {
      "version": "1.0.0",
      "dev": true,
      "funding": [
        {
          "type": "github",
          "url": "https://github.com/sponsors/jimmywarting"
        },
        {
          "type": "github",
          "url": "https://paypal.me/jimmywarting"
        }
      ],
      "license": "MIT",
      "engines": {
        "node": ">=10.5.0"
      }
    },
    "node_modules/node-fetch": {
      "version": "3.3.2",
      "dev": true,
      "license": "MIT",
      "dependencies": {
        "data-uri-to-buffer": "^4.0.0",
        "fetch-blob": "^3.1.4",
        "formdata-polyfill": "^4.0.10"
      },
      "engines": {
        "node": "^12.20.0 || ^14.13.1 || >=16.0.0"
      },
      "funding": {
        "type": "opencollective",
        "url": "https://opencollective.com/node-fetch"
      }
    },
    "node_modules/npm-normalize-package-bin": {
      "version": "5.0.0",
      "dev": true,
      "license": "ISC",
      "engines": {
        "node": "^20.17.0 || >=22.9.0"
      }
    },
    "node_modules/proc-log": {
      "version": "6.1.0",
      "dev": true,
      "license": "ISC",
      "engines": {
        "node": "^20.17.0 || >=22.9.0"
      }
    },
    "node_modules/read-cmd-shim": {
      "version": "6.0.0",
      "dev": true,
      "license": "ISC",
      "engines": {
        "node": "^20.17.0 || >=22.9.0"
      }
    },
    "node_modules/signal-exit": {
      "version": "4.1.0",
      "dev": true,
      "license": "ISC",
      "engines": {
        "node": ">=14"
      },
      "funding": {
        "url": "https://github.com/sponsors/isaacs"
      }
    },
    "node_modules/supabase": {
      "version": "2.76.16",
      "dev": true,
      "hasInstallScript": true,
      "license": "MIT",
      "dependencies": {
        "bin-links": "^6.0.0",
        "https-proxy-agent": "^7.0.2",
        "node-fetch": "^3.3.2",
        "tar": "7.5.9"
      },
      "bin": {
        "supabase": "bin/supabase"
      },
      "engines": {
        "npm": ">=8"
      }
    },
    "node_modules/tar": {
      "version": "7.5.9",
      "dev": true,
      "license": "BlueOak-1.0.0",
      "dependencies": {
        "@isaacs/fs-minipass": "^4.0.0",
        "chownr": "^3.0.0",
        "minipass": "^7.1.2",
        "minizlib": "^3.1.0",
        "yallist": "^5.0.0"
      },
      "engines": {
        "node": ">=18"
      }
    },
    "node_modules/web-streams-polyfill": {
      "version": "3.3.3",
      "dev": true,
      "license": "MIT",
      "engines": {
        "node": ">= 8"
      }
    },
    "node_modules/write-file-atomic": {
      "version": "7.0.1",
      "dev": true,
      "license": "ISC",
      "dependencies": {
        "signal-exit": "^4.0.1"
      },
      "engines": {
        "node": "^20.17.0 || >=22.9.0"
      }
    },
    "node_modules/yallist": {
      "version": "5.0.0",
      "dev": true,
      "license": "BlueOak-1.0.0",
      "engines": {
        "node": ">=18"
      }
    }
  }
}
