lockfileVersion: '9.0'

settings:
  autoInstallPeers: true
  excludeLinksFromLockfile: false

importers:

  .:
    devDependencies:
      '@supabase/lite':
        specifier: ^0.9.0
        version: 0.9.0(@opentelemetry/core@2.10.0(@opentelemetry/api@1.9.1))(@supabase/supabase-js@2.112.4(@opentelemetry/api@1.9.1))(hono@4.13.5)(typescript@5.9.3)

packages:

  '@commander-js/extra-typings@14.0.0':
    resolution: {integrity: sha512-hIn0ncNaJRLkZrxBIp5AsW/eXEHNKYQBh0aPdoUqNgD+Io3NIykQqpKFyKcuasZhicGaEZJX/JBSIkZ4e5x8Dg==}
    peerDependencies:
      commander: ~14.0.0

  '@electric-sql/pglite@0.4.5':
    resolution: {integrity: sha512-aGG2zGEyZzGWKy8P+9ZoNUV0jxt1+hgbeTf+bVAYyxVZZLXg3/9aFlfLxb08AYZVAfAkQlQIysmWjhc5hwDG8g==}

  '@hono/node-server@1.19.17':
    resolution: {integrity: sha512-dSneS5qhiauZWGDCeK4o695Xd9nUNjviSZCMQrj10eetr8Uln1ucn6bbphOM6UynAMMtNIzZNSpL9vnASJwrPQ==}
    engines: {node: '>=18.14.1'}
    peerDependencies:
      hono: ^4

  '@opentelemetry/api-logs@0.220.0':
    resolution: {integrity: sha512-CmVa4ImJ+ynfrPMNaAXHET6Bhb44SwzmfyVJFq9ni2jgXJR/l7C6gfVFddNmHP+ZOkP9cf4f9DBe68qVLTHc9w==}
    engines: {node: '>=8.0.0'}

  '@opentelemetry/api@1.9.1':
    resolution: {integrity: sha512-gLyJlPHPZYdAk1JENA9LeHejZe1Ti77/pTeFm/nMXmQH/HFZlcS/O2XJB+L8fkbrNSqhdtlvjBVjxwUYanNH5Q==}
    engines: {node: '>=8.0.0'}

  '@opentelemetry/core@2.10.0':
    resolution: {integrity: sha512-/wNZ8twnEQQA4HoHu22+vcsdru6pWPWxW+7w+FlxT6Id7PE/WIbZmVKkte+PF72e0F2dnImFeHD2syyE1Mw6MQ==}
    engines: {node: ^18.19.0 || >=20.6.0}
    peerDependencies:
      '@opentelemetry/api': '>=1.0.0 <1.10.0'

  '@opentelemetry/instrumentation@0.220.0':
    resolution: {integrity: sha512-xQx3E2WxP1mDvKzxLxX+CTCtNLa560YJZ3087qYHerl2YmiKpv7AH+dAy7vmx+eVrZ5BwhfWUAVoKOoxCNHcpw==}
    engines: {node: ^18.19.0 || >=20.6.0}
    peerDependencies:
      '@opentelemetry/api': ^1.3.0

  '@opentelemetry/resources@2.10.0':
    resolution: {integrity: sha512-q6MMm2zhggzsHVNbabYwut+a6nbuQQe3URUoxaojM/8K1IBfwwPzvxIjNi2/lI1TFe+fMHMW9MWhrtDLEXEnkA==}
    engines: {node: ^18.19.0 || >=20.6.0}
    peerDependencies:
      '@opentelemetry/api': '>=1.3.0 <1.10.0'

  '@opentelemetry/sdk-trace-base@2.10.0':
    resolution: {integrity: sha512-GuYQQT7QD2EeO8lcZLRQzcbOyhqAzL+6WWTKTU9mSUBYBazkEDl+VrQcXQhbB08OWM9anD1aHleVadzulpOaUQ==}
    engines: {node: ^18.19.0 || >=20.6.0}
    peerDependencies:
      '@opentelemetry/api': '>=1.3.0 <1.10.0'

  '@opentelemetry/sdk-trace@2.10.0':
    resolution: {integrity: sha512-MfQGq3GRmTh5fM/y+OjaO0vj6+luCB1XO2gfXCalKCfgKw0eHL++sm75DNweC6ohlp+aFvACqeE0fYayqdRaoQ==}
    engines: {node: ^18.19.0 || >=20.6.0}
    peerDependencies:
      '@opentelemetry/api': '>=1.3.0 <1.10.0'

  '@opentelemetry/semantic-conventions@1.43.0':
    resolution: {integrity: sha512-eSYWTm620tTk45EKSedaUL8MFYI8hW164hIXsgIHyxu3VobUB3fFCu5t0hQby6OoWRPsG1KkKUG2M5UadiLiVg==}
    engines: {node: '>=14'}

  '@pgsql/quotes@17.1.0':
    resolution: {integrity: sha512-J/H+LcrENBpYgL45WW6aTjb5Yk4tX4+AmB2/k8KZa+Zh3wiCtqmNIag+HZz5HmWaF6EZK9ZGC95NBD1fs+rUvg==}

  '@pgsql/types@17.6.2':
    resolution: {integrity: sha512-1UtbELdbqNdyOShhrVfSz3a1gDi0s9XXiQemx+6QqtsrXe62a6zOGU+vjb2GRfG5jeEokI1zBBcfD42enRv0Rw==}

  '@sentry/conventions@0.16.0':
    resolution: {integrity: sha512-fO9PLmHdVURcSPUpWCItWAtgKiMwGdJHbovoSEyLplX5sxs2ugvI4CBPTrkkgqhObnZOD0CnWBKDzSVQYBKEyQ==}
    engines: {node: '>=14'}

  '@sentry/core@10.72.0':
    resolution: {integrity: sha512-UJMHZfbjP4qk+g4AQhZmzosMdICC2D9p0/hLrm1LofPsp+WBfcSnv9jsY1a9TfmpS4WCAmTx8nANYTIXifcBjA==}
    engines: {node: '>=18'}

  '@sentry/node-core@10.72.0':
    resolution: {integrity: sha512-xYuYWmWEWnN8h3YHa7mds212ANFgrxfrbmLvVg0p0wf9m6MFjLowOTmjaiK0XW20sM/veSelicre650bx8UFtQ==}
    engines: {node: '>=18'}
    peerDependencies:
      '@opentelemetry/api': ^1.9.0
      '@opentelemetry/core': ^1.30.1 || ^2.1.0
      '@opentelemetry/exporter-trace-otlp-http': '>=0.57.0 <1'
      '@opentelemetry/instrumentation': '>=0.57.1 <1'
      '@opentelemetry/sdk-trace-base': ^1.30.1 || ^2.1.0
    peerDependenciesMeta:
      '@opentelemetry/api':
        optional: true
      '@opentelemetry/core':
        optional: true
      '@opentelemetry/exporter-trace-otlp-http':
        optional: true
      '@opentelemetry/instrumentation':
        optional: true
      '@opentelemetry/sdk-trace-base':
        optional: true

  '@sentry/node@10.72.0':
    resolution: {integrity: sha512-eQHQFxSX26MhG/nB+tAY4QRslnPvJse7pww/hd3zXAqNULRa5lFtjSLALcHx/KUVDCZdTPdUVZEj4nGidcHrow==}
    engines: {node: '>=18'}

  '@sentry/opentelemetry@10.72.0':
    resolution: {integrity: sha512-ZVbAM1rGU/awN7cH/jvC87WpQw0NOJx5id6dKnnefStXpP/kUnZXYhtX9gfBnofYvJWa5I5VUSeuKCLUcKL75w==}
    engines: {node: '>=18'}
    peerDependencies:
      '@opentelemetry/api': ^1.9.0
      '@opentelemetry/core': ^1.30.1 || ^2.1.0
      '@opentelemetry/sdk-trace-base': ^1.30.1 || ^2.1.0

  '@sentry/server-utils@10.72.0':
    resolution: {integrity: sha512-CWpHMYW81RDBSVBdnxulGUvvBhkBb/OpSr72ubSe1UkKTcgT0NDMCWxE3dLFXqSxzT4DaF5UlUVv9ii5Sse53w==}
    engines: {node: '>=18'}

  '@supabase/auth-js@2.112.4':
    resolution: {integrity: sha512-z8DesgwLzKM5PiT0yNmJU8VJyh1zAhYi+20Z7drdJQLXg/wWW4yGt/un+He5ERYUo94Vz66t5aeyr1DIDemI5A==}
    engines: {node: '>=22.0.0'}

  '@supabase/functions-js@2.112.4':
    resolution: {integrity: sha512-DQ0aVH8wSQAccVqNoEkec62qCu2QRNyoGN53RqsVZ1k6F1zq4/v8scrlR6LNT2RJmT97apiTmORijPVhErCS2g==}
    engines: {node: '>=22.0.0'}

  '@supabase/lite@0.9.0':
    resolution: {integrity: sha512-fpSWL9qZOqAnQmw+z1g2SEjjEKsNq/HQP9JGwX2vXJh7L32qu/zpR1kWkPUv4QFwKUtB8ShHyW7sZ3A91lpHpA==}
    hasBin: true
    peerDependencies:
      '@libsql/client': ^0.17.4
      '@supabase/supabase-js': '>=2.90.0'
      postgres: ^3.4.8
      vite: ^5.0.0 || ^6.0.0 || ^7.0.0 || ^8.0.0
    peerDependenciesMeta:
      '@libsql/client':
        optional: true
      postgres:
        optional: true
      vite:
        optional: true

  '@supabase/pg-delta@1.0.0-alpha.34':
    resolution: {integrity: sha512-xjNBdFl4/DXIxZufUK6t52wTywMS4sl1rcXvxTgh3mv1Q50tDeMPkjp8QM5YRjYo/mrdxZJ94kmbf6XAQn0jRg==}
    engines: {node: '>=20.0.0'}
    hasBin: true
    peerDependencies:
      '@supabase/pg-topo': ^1.0.0-alpha.3
    peerDependenciesMeta:
      '@supabase/pg-topo':
        optional: true

  '@supabase/phoenix@0.4.5':
    resolution: {integrity: sha512-aAn9H9ovVyeApKy11OWOrrOGq8DV68yWeH4ud2lN9fzn4aO8Zb5GLL9m1pUg9nLqIcT+ZDfAcsZe0E/nqdv2lw==}

  '@supabase/postgrest-js@2.112.4':
    resolution: {integrity: sha512-uaubtPSeg2TR4wrtfQoQWgkTAe+a0qWX2KhmwvTfNl5mGN9+U7owiJt6abk3o/V6O899PSRD1yzxs5RlF4xTug==}
    engines: {node: '>=22.0.0'}

  '@supabase/realtime-js@2.112.4':
    resolution: {integrity: sha512-vZ+j079SKrM0Xiq7MJCvQKLDpaH2kfKfLY68xuQE1sqsCsMmx1CyrDBJHsxZ3cX01VOs5SI9igmoZAF3BmdZxw==}
    engines: {node: '>=22.0.0'}

  '@supabase/storage-js@2.112.4':
    resolution: {integrity: sha512-lQ0JemuTlMIXVKgSci1qez8yPnM5hyDngeAfEBjZS2Om4D+Cus0EE5BE6glFobrxdyii1OF4UzWfF0zcQgDq5A==}
    engines: {node: '>=22.0.0'}

  '@supabase/supabase-js@2.112.4':
    resolution: {integrity: sha512-UiCX1udlFY1fQQrO7Z3GU7obQsju0w5Vk9mOOwalfo/+Gy+tahWVenSSuu5E/GTy/q//HxvGv2IrCdW66/61kw==}
    engines: {node: '>=22.0.0'}
    peerDependencies:
      '@opentelemetry/api': '>=1.0.0'
    peerDependenciesMeta:
      '@opentelemetry/api':
        optional: true

  '@vercel/detect-agent@1.2.5':
    resolution: {integrity: sha512-0krENrjuitlW8s6TJu0MlqCevyCU7K7JK63jZAf7xZ6n17tx+vUEwzHT3sTxawtwZxaW21hu+oFUpoOrm49FsQ==}
    engines: {node: '>=14'}

  bcryptjs@3.0.3:
    resolution: {integrity: sha512-GlF5wPWnSa/X5LKM1o0wz0suXIINz1iHRLvTS+sLyi7XPbe5ycmYI3DlZqVGZZtDgl4DmasFg7gOB3JYbphV5g==}
    hasBin: true

  chokidar@5.0.0:
    resolution: {integrity: sha512-TQMmc3w+5AxjpL8iIiwebF73dRDF4fBIieAqGn9RGCWaEVwQ6Fb2cGe31Yns0RRIzii5goJ1Y7xbMwo1TxMplw==}
    engines: {node: '>= 20.19.0'}

  cjs-module-lexer@2.2.1:
    resolution: {integrity: sha512-Ca8swihM+/4yKecYHY52kgJd300hi2lADU/a1RxNTRe+RJ9jvqQlESpbz9DnG9mowez8qwXHB8qYdIUw9e+F5Q==}

  commander@14.0.3:
    resolution: {integrity: sha512-H+y0Jo/T1RZ9qPP4Eh1pkcQcLRglraJaSLoyOtHxu6AapkjWVCy2Sit1QQ4x3Dng8qDlSsZEet7g5Pq06MvTgw==}
    engines: {node: '>=20'}

  debug@4.4.3:
    resolution: {integrity: sha512-RGwwWnwQvkVfavKVt22FGLw+xYSdzARwm0ru6DhTVA3umU5hZc28V3kO4stgYryrTlLpuvgI9GiijltAjNbcqA==}
    engines: {node: '>=6.0'}
    peerDependencies:
      supports-color: '*'
    peerDependenciesMeta:
      supports-color:
        optional: true

  dotenv@17.4.2:
    resolution: {integrity: sha512-nI4U3TottKAcAD9LLud4Cb7b2QztQMUEfHbvhTH09bqXTxnSie8WnjPALV/WMCrJZ6UV/qHJ6L03OqO3LcdYZw==}
    engines: {node: '>=12'}

  es-module-lexer@2.3.2:
    resolution: {integrity: sha512-poHGpORABojJJucnV9KbOavETW8lBVnphkW77ER5/BQ5Fz7oXSoCNek7IH3vR5nRjdsEz926ibFYX8KtLQmdyw==}

  hono@4.13.5:
    resolution: {integrity: sha512-O6+/eCYRkzzzy0rPWwKLiGBR1nFuUPZynnwjxN1MBA62NNqbT0wQEzQyK2gSO5yDIDB336sXQleAhOHrzlYyKw==}
    engines: {node: '>=16.9.0'}

  iceberg-js@0.8.1:
    resolution: {integrity: sha512-1dhVQZXhcHje7798IVM+xoo/1ZdVfzOMIc8/rgVSijRK38EDqOJoGula9N/8ZI5RD8QTxNQtK/Gozpr+qUqRRA==}
    engines: {node: '>=20.0.0'}

  import-in-the-middle@3.4.0:
    resolution: {integrity: sha512-Xfjwfarhe+LGmoaof+sexeNo3sGRysb5x56WrZLwHtmqT0OilSKtVWkv0lrCcMgSKyKP9oBogBAisHZvtJH0aw==}
    engines: {node: '>=18'}

  jose@6.2.10:
    resolution: {integrity: sha512-iiW7J9qRFlGxvCOIBDBDxFePQSn7ZMAnrYGhrrOo6siO/MIqwfyilLR27pkfDgUk+raLuzADS8A3S/KLBisc0g==}

  jsonv-ts@0.10.1:
    resolution: {integrity: sha512-IfuXZigNjLQzW4X7dLRTpwd1pD1lk86SoXBWmLdF+VE6SE4PcXevWs8c/bPl7qVrZXhh8lYwbTF7TFtgO2/jXg==}
    peerDependencies:
      typescript: ^5.0.0

  kysely-generic-sqlite@1.2.1:
    resolution: {integrity: sha512-/Bs3/Uktn04nQ9g/4oSphLMEtSHkS5+j5hbKjK5gMqXQfqr/v3V3FKtoN4pLTmo2W35hNdrIpQnBukGL1zZc6g==}
    peerDependencies:
      kysely: '>=0.26'

  kysely-postgres-js@3.0.0:
    resolution: {integrity: sha512-o2t/xNSYJQDW6rVGGFPXKmZ0BEz2dGn66c2B+cO/k9ZNcU2qPWPycQPQ+B+P2MBXbKYq0xV9BZmFIvkUrmFWAQ==}
    engines: {bun: '>=1.2', node: '>=20'}
    peerDependencies:
      kysely: '>= 0.24.0 < 1'
      postgres: ^3.4.0
    peerDependenciesMeta:
      postgres:
        optional: true

  kysely@0.28.17:
    resolution: {integrity: sha512-nbD8lB9EB3wNdMhOCdx5Li8DxnLbvKByylRLcJ1h+4SkrowVeECAyZlyiKMThF7xFdRz0jSQ2MoJr+wXux2y0Q==}
    engines: {node: '>=20.0.0'}

  libpg-query@17.7.3:
    resolution: {integrity: sha512-lHKBvoWRsXt/9bJxpAeFxkLu0CA6tELusqy3o1z6/DwGXSETxhKJDaNlNdrNV8msvXDLBhpg/4RE/fKKs5rYFA==}

  module-details-from-path@1.0.4:
    resolution: {integrity: sha512-EGWKgxALGMgzvxYF1UyGTy0HXX/2vHLkw6+NvDKW2jypWbHpjQuj4UMcqQWXHERJhVGKikolT06G3bcKe4fi7w==}

  ms@2.1.3:
    resolution: {integrity: sha512-6FlzubTLZG3J2a/NVCAleEhjzq5oxgHyaCU9yYXvcLsvoVaHJq/s5xXI6/XXP6tz7R9xAOtHnSO/tXtF3WRTlA==}

  nodemailer@9.1.0:
    resolution: {integrity: sha512-xj1Ri5Sau3qpPffHJwi2bY0oWVVWYq62Ph17l+2v1xXpxjqTls3YPc3L8dub9mcJpxj+1ucNnuYVqLlgh4pmDA==}
    engines: {node: '>=6.0.0'}

  pg-cloudflare@1.4.0:
    resolution: {integrity: sha512-Vo7z/6rrQYxpNRylp4Tlob2elzbh+N/MOQbxFVWCxS7oEx6jF53GTJFxK2WWpKuBRkmiin4Mt+xofFDjx09R0A==}

  pg-connection-string@2.14.0:
    resolution: {integrity: sha512-XwWDGcLRGCXAR8F/AM5bG7Q+A3Wm2s6QeEjlOKZLlH3UYcguiqCWKyWXVag5TLTIjR7oOJUY8kcADaZgWPyLeg==}

  pg-int8@1.0.1:
    resolution: {integrity: sha512-WCtabS6t3c8SkpDBUlb1kjOs7l66xsGdKpIPZsg4wR+B3+u9UAum2odSsF9tnvxg80h4ZxLWMy4pRjOsFIqQpw==}
    engines: {node: '>=4.0.0'}

  pg-pool@3.14.0:
    resolution: {integrity: sha512-gKtPkFdQPU3DksooVLi9LsjZxrsBUZIpa+7aVx+LV5pNh0KzP4Zleud2po+ConrxbuXGBJ6Hfer6hdgpIBpBaw==}
    peerDependencies:
      pg: '>=8.0'

  pg-protocol@1.16.0:
    resolution: {integrity: sha512-sILXutLVjCLjcDuOmvhX5e2Z4cS5qG/6Bu3VkpFwdf/633ElGLpEh9bgmuI5I4sqKqkifQiGyiCcx1HdtrK7tg==}

  pg-types@2.2.0:
    resolution: {integrity: sha512-qTAAlrEsl8s4OiEQY69wDvcMIdQN6wdz5ojQiOy6YRMuynxenON0O5oCpJI6lshc6scgAY8qvJ2On/p+CXY0GA==}
    engines: {node: '>=4'}

  pg@8.23.0:
    resolution: {integrity: sha512-Ip2EQCngowJLGOfCwkFhPXU7/ljlhn6Rxlmy4XYfL2Y+vyRM59+8uR2xqRWKdYmbXmxCFOAmKxBuSUCdF34qLg==}
    engines: {node: '>= 16.0.0'}
    peerDependencies:
      pg-native: '>=3.0.1'
    peerDependenciesMeta:
      pg-native:
        optional: true

  pgpass@1.0.5:
    resolution: {integrity: sha512-FdW9r/jQZhSeohs1Z3sI1yxFQNFvMcnmfuj4WBMUTxOrAyLMaTcE1aAMBiTlbMNaXvBCQuVi0R7hd8udDSP7ug==}

  pgsql-deparser@17.18.3:
    resolution: {integrity: sha512-lD8kPWgw9KAbUbKbQKgzDGzVdtEmp25N+7qZl62I7v8Uu9Wqy7+M0EOeU96++OgPD9S1pyp9MKNGzZzPJF2C4Q==}

  pgsql-parser@17.9.15:
    resolution: {integrity: sha512-6+k0EtTn0CEQTR5v2APARu9En4vm46TpmpdMSfKDHkZwWZuEc08B7SeVg32VxNQ2HD5xk+dQ9TD0k9m+S+vFgg==}

  postgres-array@2.0.0:
    resolution: {integrity: sha512-VpZrUqU5A69eQyW2c5CA1jtLecCsN2U/bD6VilrFDWq5+5UIEVO7nazS3TEcHf1zuPYO/sqGvUvW62g86RXZuA==}
    engines: {node: '>=4'}

  postgres-bytea@1.0.1:
    resolution: {integrity: sha512-5+5HqXnsZPE65IJZSMkZtURARZelel2oXUEO8rH83VS/hxH5vv1uHquPg5wZs8yMAfdv971IU+kcPUczi7NVBQ==}
    engines: {node: '>=0.10.0'}

  postgres-date@1.0.7:
    resolution: {integrity: sha512-suDmjLVQg78nMK2UZ454hAG+OAW+HQPZ6n++TNDUX+L0+uUlLywnoxJKDou51Zm+zTCjrCl0Nq6J9C5hP9vK/Q==}
    engines: {node: '>=0.10.0'}

  postgres-interval@1.2.0:
    resolution: {integrity: sha512-9ZhXKM/rw350N1ovuWHbGxnGh/SNJ4cnxHiM0rxE4VN41wsg8P8zWn9hv/buK00RP4WvlOyr/RBDiptyxVbkZQ==}
    engines: {node: '>=0.10.0'}

  readdirp@5.1.1:
    resolution: {integrity: sha512-Kko+Y5XQ6fM+Ce3dq3m9YGxnacYZYl9cA1wZjaF3Vbry2L3i1qVg8+CAgNPsXRArPMUMCaOR7oa9Nqntc43JKA==}
    engines: {node: '>= 20.19.0'}

  require-in-the-middle@8.0.1:
    resolution: {integrity: sha512-QT7FVMXfWOYFbeRBF6nu+I6tr2Tf3u0q8RIEjNob/heKY/nh7drD/k7eeMFmSQgnTtCzLDcCu/XEnpW2wk4xCQ==}
    engines: {node: '>=9.3.0 || >=8.10.0 <9.0.0'}

  split2@4.2.0:
    resolution: {integrity: sha512-UcjcJOWknrNkF6PLX83qcHM6KHgVKNkV62Y8a5uYDVv9ydGQVwAHMKqHdJje1VTWpljG0WYpCDhrCdAOYH4TWg==}
    engines: {node: '>= 10.x'}

  tslib@2.8.1:
    resolution: {integrity: sha512-oJFu94HQb+KVduSUQL7wnpmqnfmLsOA/nAh6b6EH0wCEoK0/mPeXU6c3wKDV83MkOuHPRHtSXKKU99IBazS/2w==}

  typescript@5.9.3:
    resolution: {integrity: sha512-jl1vZzPDinLr9eUt3J/t7V6FgNEw9QjvBPdysz9KfQDD41fQrC2Y4vKQdiaUpFT4bXlb1RHhLpp8wtm6M5TgSw==}
    engines: {node: '>=14.17'}
    hasBin: true

  uuid@13.0.2:
    resolution: {integrity: sha512-vzi9uRZ926x4XV73S/4qQaTwPXM2JBj6/6lI/byHH1jOpCzb0zDbfytgA9LcN/hzb2l7WQSQnxITOVx5un/wGw==}
    hasBin: true

  xtend@4.0.2:
    resolution: {integrity: sha512-LKYU1iAXJXUgAXn9URjiu+MWhyUXHsvfp7mcuYm9dSUKK0/CjtrUwFAxD82/mCWbtLsGjFIad0wIsod4zrTAEQ==}
    engines: {node: '>=0.4'}

snapshots:

  '@commander-js/extra-typings@14.0.0(commander@14.0.3)':
    dependencies:
      commander: 14.0.3

  '@electric-sql/pglite@0.4.5': {}

  '@hono/node-server@1.19.17(hono@4.13.5)':
    dependencies:
      hono: 4.13.5

  '@opentelemetry/api-logs@0.220.0':
    dependencies:
      '@opentelemetry/api': 1.9.1

  '@opentelemetry/api@1.9.1': {}

  '@opentelemetry/core@2.10.0(@opentelemetry/api@1.9.1)':
    dependencies:
      '@opentelemetry/api': 1.9.1
      '@opentelemetry/semantic-conventions': 1.43.0

  '@opentelemetry/instrumentation@0.220.0(@opentelemetry/api@1.9.1)':
    dependencies:
      '@opentelemetry/api': 1.9.1
      '@opentelemetry/api-logs': 0.220.0
      import-in-the-middle: 3.4.0
      require-in-the-middle: 8.0.1
    transitivePeerDependencies:
      - supports-color

  '@opentelemetry/resources@2.10.0(@opentelemetry/api@1.9.1)':
    dependencies:
      '@opentelemetry/api': 1.9.1
      '@opentelemetry/core': 2.10.0(@opentelemetry/api@1.9.1)
      '@opentelemetry/semantic-conventions': 1.43.0

  '@opentelemetry/sdk-trace-base@2.10.0(@opentelemetry/api@1.9.1)':
    dependencies:
      '@opentelemetry/api': 1.9.1
      '@opentelemetry/core': 2.10.0(@opentelemetry/api@1.9.1)
      '@opentelemetry/resources': 2.10.0(@opentelemetry/api@1.9.1)
      '@opentelemetry/sdk-trace': 2.10.0(@opentelemetry/api@1.9.1)
      '@opentelemetry/semantic-conventions': 1.43.0

  '@opentelemetry/sdk-trace@2.10.0(@opentelemetry/api@1.9.1)':
    dependencies:
      '@opentelemetry/api': 1.9.1
      '@opentelemetry/core': 2.10.0(@opentelemetry/api@1.9.1)
      '@opentelemetry/resources': 2.10.0(@opentelemetry/api@1.9.1)
      '@opentelemetry/semantic-conventions': 1.43.0

  '@opentelemetry/semantic-conventions@1.43.0': {}

  '@pgsql/quotes@17.1.0': {}

  '@pgsql/types@17.6.2': {}

  '@sentry/conventions@0.16.0': {}

  '@sentry/core@10.72.0':
    dependencies:
      '@sentry/conventions': 0.16.0

  '@sentry/node-core@10.72.0(@opentelemetry/api@1.9.1)(@opentelemetry/core@2.10.0(@opentelemetry/api@1.9.1))(@opentelemetry/instrumentation@0.220.0(@opentelemetry/api@1.9.1))(@opentelemetry/sdk-trace-base@2.10.0(@opentelemetry/api@1.9.1))':
    dependencies:
      '@sentry/conventions': 0.16.0
      '@sentry/core': 10.72.0
      '@sentry/opentelemetry': 10.72.0(@opentelemetry/api@1.9.1)(@opentelemetry/core@2.10.0(@opentelemetry/api@1.9.1))(@opentelemetry/sdk-trace-base@2.10.0(@opentelemetry/api@1.9.1))
      import-in-the-middle: 3.4.0
    optionalDependencies:
      '@opentelemetry/api': 1.9.1
      '@opentelemetry/core': 2.10.0(@opentelemetry/api@1.9.1)
      '@opentelemetry/instrumentation': 0.220.0(@opentelemetry/api@1.9.1)
      '@opentelemetry/sdk-trace-base': 2.10.0(@opentelemetry/api@1.9.1)

  '@sentry/node@10.72.0(@opentelemetry/core@2.10.0(@opentelemetry/api@1.9.1))':
    dependencies:
      '@opentelemetry/api': 1.9.1
      '@opentelemetry/instrumentation': 0.220.0(@opentelemetry/api@1.9.1)
      '@opentelemetry/sdk-trace-base': 2.10.0(@opentelemetry/api@1.9.1)
      '@sentry/conventions': 0.16.0
      '@sentry/core': 10.72.0
      '@sentry/node-core': 10.72.0(@opentelemetry/api@1.9.1)(@opentelemetry/core@2.10.0(@opentelemetry/api@1.9.1))(@opentelemetry/instrumentation@0.220.0(@opentelemetry/api@1.9.1))(@opentelemetry/sdk-trace-base@2.10.0(@opentelemetry/api@1.9.1))
      '@sentry/opentelemetry': 10.72.0(@opentelemetry/api@1.9.1)(@opentelemetry/core@2.10.0(@opentelemetry/api@1.9.1))(@opentelemetry/sdk-trace-base@2.10.0(@opentelemetry/api@1.9.1))
      '@sentry/server-utils': 10.72.0
      import-in-the-middle: 3.4.0
    transitivePeerDependencies:
      - '@opentelemetry/core'
      - '@opentelemetry/exporter-trace-otlp-http'
      - supports-color

  '@sentry/opentelemetry@10.72.0(@opentelemetry/api@1.9.1)(@opentelemetry/core@2.10.0(@opentelemetry/api@1.9.1))(@opentelemetry/sdk-trace-base@2.10.0(@opentelemetry/api@1.9.1))':
    dependencies:
      '@opentelemetry/api': 1.9.1
      '@opentelemetry/core': 2.10.0(@opentelemetry/api@1.9.1)
      '@opentelemetry/sdk-trace-base': 2.10.0(@opentelemetry/api@1.9.1)
      '@sentry/conventions': 0.16.0
      '@sentry/core': 10.72.0

  '@sentry/server-utils@10.72.0':
    dependencies:
      '@sentry/conventions': 0.16.0
      '@sentry/core': 10.72.0

  '@supabase/auth-js@2.112.4':
    dependencies:
      tslib: 2.8.1

  '@supabase/functions-js@2.112.4':
    dependencies:
      tslib: 2.8.1

  '@supabase/lite@0.9.0(@opentelemetry/core@2.10.0(@opentelemetry/api@1.9.1))(@supabase/supabase-js@2.112.4(@opentelemetry/api@1.9.1))(hono@4.13.5)(typescript@5.9.3)':
    dependencies:
      '@commander-js/extra-typings': 14.0.0(commander@14.0.3)
      '@electric-sql/pglite': 0.4.5
      '@hono/node-server': 1.19.17(hono@4.13.5)
      '@sentry/node': 10.72.0(@opentelemetry/core@2.10.0(@opentelemetry/api@1.9.1))
      '@supabase/pg-delta': 1.0.0-alpha.34
      '@supabase/supabase-js': 2.112.4(@opentelemetry/api@1.9.1)
      '@vercel/detect-agent': 1.2.5
      bcryptjs: 3.0.3
      chokidar: 5.0.0
      commander: 14.0.3
      dotenv: 17.4.2
      jose: 6.2.10
      jsonv-ts: 0.10.1(typescript@5.9.3)
      kysely: 0.28.17
      kysely-generic-sqlite: 1.2.1(kysely@0.28.17)
      kysely-postgres-js: 3.0.0(kysely@0.28.17)
      libpg-query: 17.7.3
      nodemailer: 9.1.0
      pgsql-deparser: 17.18.3
      pgsql-parser: 17.9.15
      uuid: 13.0.2
    transitivePeerDependencies:
      - '@opentelemetry/core'
      - '@opentelemetry/exporter-trace-otlp-http'
      - '@supabase/pg-topo'
      - hono
      - pg-native
      - supports-color
      - typescript

  '@supabase/pg-delta@1.0.0-alpha.34':
    dependencies:
      debug: 4.4.3
      pg: 8.23.0
      pg-connection-string: 2.14.0
    transitivePeerDependencies:
      - pg-native
      - supports-color

  '@supabase/phoenix@0.4.5': {}

  '@supabase/postgrest-js@2.112.4':
    dependencies:
      tslib: 2.8.1

  '@supabase/realtime-js@2.112.4':
    dependencies:
      '@supabase/phoenix': 0.4.5
      tslib: 2.8.1

  '@supabase/storage-js@2.112.4':
    dependencies:
      iceberg-js: 0.8.1
      tslib: 2.8.1

  '@supabase/supabase-js@2.112.4(@opentelemetry/api@1.9.1)':
    dependencies:
      '@supabase/auth-js': 2.112.4
      '@supabase/functions-js': 2.112.4
      '@supabase/postgrest-js': 2.112.4
      '@supabase/realtime-js': 2.112.4
      '@supabase/storage-js': 2.112.4
    optionalDependencies:
      '@opentelemetry/api': 1.9.1

  '@vercel/detect-agent@1.2.5': {}

  bcryptjs@3.0.3: {}

  chokidar@5.0.0:
    dependencies:
      readdirp: 5.1.1

  cjs-module-lexer@2.2.1: {}

  commander@14.0.3: {}

  debug@4.4.3:
    dependencies:
      ms: 2.1.3

  dotenv@17.4.2: {}

  es-module-lexer@2.3.2: {}

  hono@4.13.5: {}

  iceberg-js@0.8.1: {}

  import-in-the-middle@3.4.0:
    dependencies:
      cjs-module-lexer: 2.2.1
      es-module-lexer: 2.3.2
      module-details-from-path: 1.0.4

  jose@6.2.10: {}

  jsonv-ts@0.10.1(typescript@5.9.3):
    dependencies:
      typescript: 5.9.3
    optionalDependencies:
      hono: 4.13.5

  kysely-generic-sqlite@1.2.1(kysely@0.28.17):
    dependencies:
      kysely: 0.28.17

  kysely-postgres-js@3.0.0(kysely@0.28.17):
    dependencies:
      kysely: 0.28.17

  kysely@0.28.17: {}

  libpg-query@17.7.3:
    dependencies:
      '@pgsql/types': 17.6.2

  module-details-from-path@1.0.4: {}

  ms@2.1.3: {}

  nodemailer@9.1.0: {}

  pg-cloudflare@1.4.0:
    optional: true

  pg-connection-string@2.14.0: {}

  pg-int8@1.0.1: {}

  pg-pool@3.14.0(pg@8.23.0):
    dependencies:
      pg: 8.23.0

  pg-protocol@1.16.0: {}

  pg-types@2.2.0:
    dependencies:
      pg-int8: 1.0.1
      postgres-array: 2.0.0
      postgres-bytea: 1.0.1
      postgres-date: 1.0.7
      postgres-interval: 1.2.0

  pg@8.23.0:
    dependencies:
      pg-connection-string: 2.14.0
      pg-pool: 3.14.0(pg@8.23.0)
      pg-protocol: 1.16.0
      pg-types: 2.2.0
      pgpass: 1.0.5
    optionalDependencies:
      pg-cloudflare: 1.4.0

  pgpass@1.0.5:
    dependencies:
      split2: 4.2.0

  pgsql-deparser@17.18.3:
    dependencies:
      '@pgsql/quotes': 17.1.0
      '@pgsql/types': 17.6.2

  pgsql-parser@17.9.15:
    dependencies:
      '@pgsql/types': 17.6.2
      libpg-query: 17.7.3
      pgsql-deparser: 17.18.3

  postgres-array@2.0.0: {}

  postgres-bytea@1.0.1: {}

  postgres-date@1.0.7: {}

  postgres-interval@1.2.0:
    dependencies:
      xtend: 4.0.2

  readdirp@5.1.1: {}

  require-in-the-middle@8.0.1:
    dependencies:
      debug: 4.4.3
      module-details-from-path: 1.0.4
    transitivePeerDependencies:
      - supports-color

  split2@4.2.0: {}

  tslib@2.8.1: {}

  typescript@5.9.3: {}

  uuid@13.0.2: {}

  xtend@4.0.2: {}
